{
  "name": "ZeppOsScreenReader",
  "version": "1.0.0",
  "lockfileVersion": 3,
  "requires": true,
  "packages": {
    "": {
      "name": "ZeppOsScreenReader",
      "version": "1.0.0",
      "license": "ISC",
      "devDependencies": {
        "@zeppos/device-types": "^3.0.0"
      }
    },
    "node_modules/@zeppos/device-types": {
      "version": "3.0.0",
      "resolved": "https://registry.npmjs.org/@zeppos/device-types/-/device-types-3.0.0.tgz",
      "integrity": "sha512-vFd880TxkAaSO2QmLBFIzS0zUXnwRDXlM4FZTdpOgotKpshokOwSTtzIeysf3TIMFSh/wFdbGkkYrUyRxR9w8Q==",
      "dev": true,
      "license": "ISC"
    }
  }
}
